{
  "requires": true,
  "lockfileVersion": 1,
  "dependencies": {
    "@react-google-maps/api": {
      "version": "1.9.9",
      "resolved": "https://registry.npmjs.org/@react-google-maps/api/-/api-1.9.9.tgz",
      "integrity": "sha512-yy/mh0uqF5JCGGzoGYaBoFBbtdr1XKgRlQvalOQ1pITguhRwRIELOHesIJQvAOrdqgCmE3noCa838pFIPZ1Sag==",
      "requires": {
        "@react-google-maps/infobox": "1.9.9",
        "@react-google-maps/marker-clusterer": "1.9.9",
        "acorn": "7.3.1",
        "acorn-jsx": "^5.2.0",
        "invariant": "2.2.4"
      }
    },
    "@react-google-maps/infobox": {
      "version": "1.9.9",
      "resolved": "https://registry.npmjs.org/@react-google-maps/infobox/-/infobox-1.9.9.tgz",
      "integrity": "sha512-pneWal21CHa7eSjBLy5aG11boFXHPKvwV88K2TuwzQV1ncDOIWoZO/S9fZQc6Pzd4F0V8tf9la1c9P9audDiMQ=="
    },
    "@react-google-maps/marker-clusterer": {
      "version": "1.9.9",
      "resolved": "https://registry.npmjs.org/@react-google-maps/marker-clusterer/-/marker-clusterer-1.9.9.tgz",
      "integrity": "sha512-MA+Z+S77csV+httWjZhmE1pOJitmB9Jk1BnNO7ub+81jae5ipY3lf7kXpVBLeNmWy/AXs61bchuXRyzsKyLdqQ=="
    },
    "acorn": {
      "version": "7.3.1",
      "resolved": "https://registry.npmjs.org/acorn/-/acorn-7.3.1.tgz",
      "integrity": "sha512-tLc0wSnatxAQHVHUapaHdz72pi9KUyHjq5KyHjGg9Y8Ifdc79pTh2XvI6I1/chZbnM7QtNKzh66ooDogPZSleA=="
    },
    "acorn-jsx": {
      "version": "5.2.0",
      "resolved": "https://registry.npmjs.org/acorn-jsx/-/acorn-jsx-5.2.0.tgz",
      "integrity": "sha512-HiUX/+K2YpkpJ+SzBffkM/AQ2YE03S0U1kjTLVpoJdhZMOWy8qvXVN9JdLqv2QsaQ6MPYQIuNmwD8zOiYUofLQ=="
    },
    "invariant": {
      "version": "2.2.4",
      "resolved": "https://registry.npmjs.org/invariant/-/invariant-2.2.4.tgz",
      "integrity": "sha512-phJfQVBuaJM5raOpJjSfkiD6BpbCE4Ns//LaXl6wGYtUBY83nWS6Rf9tXm2e8VaK60JEjYldbPif/A2B1C2gNA==",
      "requires": {
        "loose-envify": "^1.0.0"
      }
    },
    "js-tokens": {
      "version": "4.0.0",
      "resolved": "https://registry.npmjs.org/js-tokens/-/js-tokens-4.0.0.tgz",
      "integrity": "sha512-RdJUflcE3cUzKiMqQgsCu06FPu9UdIJO0beYbPhHN4k6apgJtifcoCtT9bcxOpYBtpD2kCM6Sbzg4CausW/PKQ=="
    },
    "loose-envify": {
      "version": "1.4.0",
      "resolved": "https://registry.npmjs.org/loose-envify/-/loose-envify-1.4.0.tgz",
      "integrity": "sha512-lyuxPGr/Wfhrlem2CL/UcnUc1zcqKAImBDzukY7Y5F/yQiNdko6+fRLevlw1HgMySw7f611UIY408EtxRSoK3Q==",
      "requires": {
        "js-tokens": "^3.0.0 || ^4.0.0"
      }
    }
  }
}
